// !$*UTF8*$!
{
	archiveVersion = 1;
	classes = {
	};
	objectVersion = 46;
	objects = {

/* Begin PBXBuildFile section */
		78BB28311A22E00C002D35CC /* AppDelegate.swift in Sources */ = {isa = PBXBuildFile; fileRef = 78BB28301A22E00C002D35CC /* AppDelegate.swift */; };
		78BB28331A22E00C002D35CC /* ViewController.swift in Sources */ = {isa = PBXBuildFile; fileRef = 78BB28321A22E00C002D35CC /* ViewController.swift */; };
		78BB28361A22E00C002D35CC /* Main.storyboard in Resources */ = {isa = PBXBuildFile; fileRef = 78BB28341A22E00C002D35CC /* Main.storyboard */; };
		78BB28381A22E00C002D35CC /* Images.xcassets in Resources */ = {isa = PBXBuildFile; fileRef = 78BB28371A22E00C002D35CC /* Images.xcassets */; };
		78BB283B1A22E00C002D35CC /* LaunchScreen.xib in Resources */ = {isa = PBXBuildFile; fileRef = 78BB28391A22E00C002D35CC /* LaunchScreen.xib */; };
		78BB28471A22E00D002D35CC /* SessionTrackerTests.swift in Sources */ = {isa = PBXBuildFile; fileRef = 78BB28461A22E00D002D35CC /* SessionTrackerTests.swift */; };
/* End PBXBuildFile section */

/* Begin PBXContainerItemProxy section */
		78BB28411A22E00D002D35CC /* PBXContainerItemProxy */ = {
			isa = PBXContainerItemProxy;
			containerPortal = 78BB28231A22E00C002D35CC /* Project object */;
			proxyType = 1;
			remoteGlobalIDString = 78BB282A1A22E00C002D35CC;
			remoteInfo = SessionTracker;
		};
/* End PBXContainerItemProxy section */

/* Begin PBXFileReference section */
		78BB282B1A22E00C002D35CC /* SessionTracker.app */ = {isa = PBXFileReference; explicitFileType = wrapper.application; includeInIndex = 0; path = SessionTracker.app; sourceTree = BUILT_PRODUCTS_DIR; };
		78BB282F1A22E00C002D35CC /* Info.plist */ = {isa = PBXFileReference; lastKnownFileType = text.plist.xml; path = Info.plist; sourceTree = "<group>"; };
		78BB28301A22E00C002D35CC /* AppDelegate.swift */ = {isa = PBXFileReference; lastKnownFileType = sourcecode.swift; path = AppDelegate.swift; sourceTree = "<group>"; };
		78BB28321A22E00C002D35CC /* ViewController.swift */ = {isa = PBXFileReference; lastKnownFileType = sourcecode.swift; path = ViewController.swift; sourceTree = "<group>"; };
		78BB28351A22E00C002D35CC /* Base */ = {isa = PBXFileReference; lastKnownFileType = file.storyboard; name = Base; path = Base.lproj/Main.storyboard; sourceTree = "<group>"; };
		78BB28371A22E00C002D35CC /* Images.xcassets */ = {isa = PBXFileReference; lastKnownFileType = folder.assetcatalog; path = Images.xcassets; sourceTree = "<group>"; };
		78BB283A1A22E00C002D35CC /* Base */ = {isa = PBXFileReference; lastKnownFileType = file.xib; name = Base; path = Base.lproj/LaunchScreen.xib; sourceTree = "<group>"; };
		78BB28401A22E00D002D35CC /* SessionTrackerTests.xctest */ = {isa = PBXFileReference; explicitFileType = wrapper.cfbundle; includeInIndex = 0; path = SessionTrackerTests.xctest; sourceTree = BUILT_PRODUCTS_DIR; };
		78BB28451A22E00D002D35CC /* Info.plist */ = {isa = PBXFileReference; lastKnownFileType = text.plist.xml; path = Info.plist; sourceTree = "<group>"; };
		78BB28461A22E00D002D35CC /* SessionTrackerTests.swift */ = {isa = PBXFileReference; lastKnownFileType = sourcecode.swift; path = SessionTrackerTests.swift; sourceTree = "<group>"; };
/* End PBXFileReference section */

/* Begin PBXFrameworksBuildPhase section */
		78BB28281A22E00C002D35CC /* Frameworks */ = {
			isa = PBXFrameworksBuildPhase;
			buildActionMask = 2147483647;
			files = (
			);
			runOnlyForDeploymentPostprocessing = 0;
		};
		78BB283D1A22E00D002D35CC /* Frameworks */ = {
			isa = PBXFrameworksBuildPhase;
			buildActionMask = 2147483647;
			files = (
			);
			runOnlyForDeploymentPostprocessing = 0;
		};
/* End PBXFrameworksBuildPhase section */

/* Begin PBXGroup section */
		78BB28221A22E00C002D35CC = {
			isa = PBXGroup;
			children = (
				78BB282D1A22E00C002D35CC /* SessionTracker */,
				78BB28431A22E00D002D35CC /* SessionTrackerTests */,
				78BB282C1A22E00C002D35CC /* Products */,
			);
			sourceTree = "<group>";
		};
		78BB282C1A22E00C002D35CC /* Products */ = {
			isa = PBXGroup;
			children = (
				78BB282B1A22E00C002D35CC /* SessionTracker.app */,
				78BB28401A22E00D002D35CC /* SessionTrackerTests.xctest */,
			);
			name = Products;
			sourceTree = "<group>";
		};
		78BB282D1A22E00C002D35CC /* SessionTracker */ = {
			isa = PBXGroup;
			children = (
				78BB28301A22E00C002D35CC /* AppDelegate.swift */,
				78BB28321A22E00C002D35CC /* ViewController.swift */,
				78BB28341A22E00C002D35CC /* Main.storyboard */,
				78BB28371A22E00C002D35CC /* Images.xcassets */,
				78BB28391A22E00C002D35CC /* LaunchScreen.xib */,
				78BB282E1A22E00C002D35CC /* Supporting Files */,
			);
			path = SessionTracker;
			sourceTree = "<group>";
		};
		78BB282E1A22E00C002D35CC /* Supporting Files */ = {
			isa = PBXGroup;
			children = (
				78BB282F1A22E00C002D35CC /* Info.plist */,
			);
			name = "Supporting Files";
			sourceTree = "<group>";
		};
		78BB28431A22E00D002D35CC /* SessionTrackerTests */ = {
			isa = PBXGroup;
			children = (
				78BB28461A22E00D002D35CC /* SessionTrackerTests.swift */,
				78BB28441A22E00D002D35CC /* Supporting Files */,
			);
			path = SessionTrackerTests;
			sourceTree = "<group>";
		};
		78BB28441A22E00D002D35CC /* Supporting Files */ = {
			isa = PBXGroup;
			children = (
				78BB28451A22E00D002D35CC /* Info.plist */,
			);
			name = "Supporting Files";
			sourceTree = "<group>";
		};
/* End PBXGroup section */

/* Begin PBXNativeTarget section */
		78BB282A1A22E00C002D35CC /* SessionTracker */ = {
			isa = PBXNativeTarget;
			buildConfigurationList = 78BB284A1A22E00D002D35CC /* Build configuration list for PBXNativeTarget "SessionTracker" */;
			buildPhases = (
				78BB28271A22E00C002D35CC /* Sources */,
				78BB28281A22E00C002D35CC /* Frameworks */,
				78BB28291A22E00C002D35CC /* Resources */,
			);
			buildRules = (
			);
			dependencies = (
			);
			name = SessionTracker;
			productName = SessionTracker;
			productReference = 78BB282B1A22E00C002D35CC /* SessionTracker.app */;
			productType = "com.apple.product-type.application";
		};
		78BB283F1A22E00D002D35CC /* SessionTrackerTests */ = {
			isa = PBXNativeTarget;
			buildConfigurationList = 78BB284D1A22E00D002D35CC /* Build configuration list for PBXNativeTarget "SessionTrackerTests" */;
			buildPhases = (
				78BB283C1A22E00D002D35CC /* Sources */,
				78BB283D1A22E00D002D35CC /* Frameworks */,
				78BB283E1A22E00D002D35CC /* Resources */,
			);
			buildRules = (
			);
			dependencies = (
				78BB28421A22E00D002D35CC /* PBXTargetDependency */,
			);
			name = SessionTrackerTests;
			productName = SessionTrackerTests;
			productReference = 78BB28401A22E00D002D35CC /* SessionTrackerTests.xctest */;
			productType = "com.apple.product-type.bundle.unit-test";
		};
/* End PBXNativeTarget section */

/* Begin PBXProject section */
		78BB28231A22E00C002D35CC /* Project object */ = {
			isa = PBXProject;
			attributes = {
				LastUpgradeCheck = 0610;
				ORGANIZATIONNAME = "Razeware LLC";
				TargetAttributes = {
					78BB282A1A22E00C002D35CC = {
						CreatedOnToolsVersion = 6.1;
					};
					78BB283F1A22E00D002D35CC = {
						CreatedOnToolsVersion = 6.1;
						TestTargetID = 78BB282A1A22E00C002D35CC;
					};
				};
			};
			buildConfigurationList = 78BB28261A22E00C002D35CC /* Build configuration list for PBXProject "SessionTracker" */;
			compatibilityVersion = "Xcode 3.2";
			developmentRegion = English;
			hasScannedForEncodings = 0;
			knownRegions = (
				en,
				Base,
			);
			mainGroup = 78BB28221A22E00C002D35CC;
			productRefGroup = 78BB282C1A22E00C002D35CC /* Products */;
			projectDirPath = "";
			projectRoot = "";
			targets = (
				78BB282A1A22E00C002D35CC /* SessionTracker */,
				78BB283F1A22E00D002D35CC /* SessionTrackerTests */,
			);
		};
/* End PBXProject section */

/* Begin PBXResourcesBuildPhase section */
		78BB28291A22E00C002D35CC /* Resources */ = {
			isa = PBXResourcesBuildPhase;
			buildActionMask = 2147483647;
			files = (
				78BB28361A22E00C002D35CC /* Main.storyboard in Resources */,
				78BB283B1A22E00C002D35CC /* LaunchScreen.xib in Resources */,
				78BB28381A22E00C002D35CC /* Images.xcassets in Resources */,
			);
			runOnlyForDeploymentPostprocessing = 0;
		};
		78BB283E1A22E00D002D35CC /* Resources */ = {
			isa = PBXResourcesBuildPhase;
			buildActionMask = 2147483647;
			files = (
			);
			runOnlyForDeploymentPostprocessing = 0;
		};
/* End PBXResourcesBuildPhase section */

/* Begin PBXSourcesBuildPhase section */
		78BB28271A22E00C002D35CC /* Sources */ = {
			isa = PBXSourcesBuildPhase;
			buildActionMask = 2147483647;
			files = (
				78BB28331A22E00C002D35CC /* ViewController.swift in Sources */,
				78BB28311A22E00C002D35CC /* AppDelegate.swift in Sources */,
			);
			runOnlyForDeploymentPostprocessing = 0;
		};
		78BB283C1A22E00D002D35CC /* Sources */ = {
			isa = PBXSourcesBuildPhase;
			buildActionMask = 2147483647;
			files = (
				78BB28471A22E00D002D35CC /* SessionTrackerTests.swift in Sources */,
			);
			runOnlyForDeploymentPostprocessing = 0;
		};
/* End PBXSourcesBuildPhase section */

/* Begin PBXTargetDependency section */
		78BB28421A22E00D002D35CC /* PBXTargetDependency */ = {
			isa = PBXTargetDependency;
			target = 78BB282A1A22E00C002D35CC /* SessionTracker */;
			targetProxy = 78BB28411A22E00D002D35CC /* PBXContainerItemProxy */;
		};
/* End PBXTargetDependency section */

/* Begin PBXVariantGroup section */
		78BB28341A22E00C002D35CC /* Main.storyboard */ = {
			isa = PBXVariantGroup;
			children = (
				78BB28351A22E00C002D35CC /* Base */,
			);
			name = Main.storyboard;
			sourceTree = "<group>";
		};
		78BB28391A22E00C002D35CC /* LaunchScreen.xib */ = {
			isa = PBXVariantGroup;
			children = (
				78BB283A1A22E00C002D35CC /* Base */,
			);
			name = LaunchScreen.xib;
			sourceTree = "<group>";
		};
/* End PBXVariantGroup section */

/* Begin XCBuildConfiguration section */
		78BB28481A22E00D002D35CC /* Debug */ = {
			isa = XCBuildConfiguration;
			buildSettings = {
				ALWAYS_SEARCH_USER_PATHS = NO;
				CLANG_CXX_LANGUAGE_STANDARD = "gnu++0x";
				CLANG_CXX_LIBRARY = "libc++";
				CLANG_ENABLE_MODULES = YES;
				CLANG_ENABLE_OBJC_ARC = YES;
				CLANG_WARN_BOOL_CONVERSION = YES;
				CLANG_WARN_CONSTANT_CONVERSION = YES;
				CLANG_WARN_DIRECT_OBJC_ISA_USAGE = YES_ERROR;
				CLANG_WARN_EMPTY_BODY = YES;
				CLANG_WARN_ENUM_CONVERSION = YES;
				CLANG_WARN_INT_CONVERSION = YES;
				CLANG_WARN_OBJC_ROOT_CLASS = YES_ERROR;
				CLANG_WARN_UNREACHABLE_CODE = YES;
				CLANG_WARN__DUPLICATE_METHOD_MATCH = YES;
				"CODE_SIGN_IDENTITY[sdk=iphoneos*]" = "iPhone Developer";
				COPY_PHASE_STRIP = NO;
				ENABLE_STRICT_OBJC_MSGSEND = YES;
				GCC_C_LANGUAGE_STANDARD = gnu99;
				GCC_DYNAMIC_NO_PIC = NO;
				GCC_OPTIMIZATION_LEVEL = 0;
				GCC_PREPROCESSOR_DEFINITIONS = (
					"DEBUG=1",
					"$(inherited)",
				);
				GCC_SYMBOLS_PRIVATE_EXTERN = NO;
				GCC_WARN_64_TO_32_BIT_CONVERSION = YES;
				GCC_WARN_ABOUT_RETURN_TYPE = YES_ERROR;
				GCC_WARN_UNDECLARED_SELECTOR = YES;
				GCC_WARN_UNINITIALIZED_AUTOS = YES_AGGRESSIVE;
				GCC_WARN_UNUSED_FUNCTION = YES;
				GCC_WARN_UNUSED_VARIABLE = YES;
				IPHONEOS_DEPLOYMENT_TARGET = 8.1;
				MTL_ENABLE_DEBUG_INFO = YES;
				ONLY_ACTIVE_ARCH = YES;
				SDKROOT = iphoneos;
				SWIFT_OPTIMIZATION_LEVEL = "-Onone";
				TARGETED_DEVICE_FAMILY = "1,2";
			};
			name = Debug;
		};
		78BB28491A22E00D002D35CC /* Release */ = {
			isa = XCBuildConfiguration;
			buildSettings = {
				ALWAYS_SEARCH_USER_PATHS = NO;
				CLANG_CXX_LANGUAGE_STANDARD = "gnu++0x";
				CLANG_CXX_LIBRARY = "libc++";
				CLANG_ENABLE_MODULES = YES;
				CLANG_ENABLE_OBJC_ARC = YES;
				CLANG_WARN_BOOL_CONVERSION = YES;
				CLANG_WARN_CONSTANT_CONVERSION = YES;
				CLANG_WARN_DIRECT_OBJC_ISA_USAGE = YES_ERROR;
				CLANG_WARN_EMPTY_BODY = YES;
				CLANG_WARN_ENUM_CONVERSION = YES;
				CLANG_WARN_INT_CONVERSION = YES;
				CLANG_WARN_OBJC_ROOT_CLASS = YES_ERROR;
				CLANG_WARN_UNREACHABLE_CODE = YES;
				CLANG_WARN__DUPLICATE_METHOD_MATCH = YES;
				"CODE_SIGN_IDENTITY[sdk=iphoneos*]" = "iPhone Developer";
				COPY_PHASE_STRIP = YES;
				ENABLE_NS_ASSERTIONS = NO;
				ENABLE_STRICT_OBJC_MSGSEND = YES;
				GCC_C_LANGUAGE_STANDARD = gnu99;
				GCC_WARN_64_TO_32_BIT_CONVERSION = YES;
				GCC_WARN_ABOUT_RETURN_TYPE = YES_ERROR;
				GCC_WARN_UNDECLARED_SELECTOR = YES;
				GCC_WARN_UNINITIALIZED_AUTOS = YES_AGGRESSIVE;
				GCC_WARN_UNUSED_FUNCTION = YES;
				GCC_WARN_UNUSED_VARIABLE = YES;
				IPHONEOS_DEPLOYMENT_TARGET = 8.1;
				MTL_ENABLE_DEBUG_INFO = NO;
				SDKROOT = iphoneos;
				TARGETED_DEVICE_FAMILY = "1,2";
				VALIDATE_PRODUCT = YES;
			};
			name = Release;
		};
		78BB284B1A22E00D002D35CC /* Debug */ = {
			isa = XCBuildConfiguration;
			buildSettings = {
				ASSETCATALOG_COMPILER_APPICON_NAME = AppIcon;
				INFOPLIST_FILE = SessionTracker/Info.plist;
				LD_RUNPATH_SEARCH_PATHS = "$(inherited) @executable_path/Frameworks";
				PRODUCT_NAME = "$(TARGET_NAME)";
			};
			name = Debug;
		};
		78BB284C1A22E00D002D35CC /* Release */ = {
			isa = XCBuildConfiguration;
			buildSettings = {
				ASSETCATALOG_COMPILER_APPICON_NAME = AppIcon;
				INFOPLIST_FILE = SessionTracker/Info.plist;
				LD_RUNPATH_SEARCH_PATHS = "$(inherited) @executable_path/Frameworks";
				PRODUCT_NAME = "$(TARGET_NAME)";
			};
			name = Release;
		};
		78BB284E1A22E00D002D35CC /* Debug */ = {
			isa = XCBuildConfiguration;
			buildSettings = {
				BUNDLE_LOADER = "$(TEST_HOST)";
				FRAMEWORK_SEARCH_PATHS = (
					"$(SDKROOT)/Developer/Library/Frameworks",
					"$(inherited)",
				);
				GCC_PREPROCESSOR_DEFINITIONS = (
					"DEBUG=1",
					"$(inherited)",
				);
				INFOPLIST_FILE = SessionTrackerTests/Info.plist;
				LD_RUNPATH_SEARCH_PATHS = "$(inherited) @executable_path/Frameworks @loader_path/Frameworks";
				PRODUCT_NAME = "$(TARGET_NAME)";
				TEST_HOST = "$(BUILT_PRODUCTS_DIR)/SessionTracker.app/SessionTracker";
			};
			name = Debug;
		};
		78BB284F1A22E00D002D35CC /* Release */ = {
			isa = XCBuildConfiguration;
			buildSettings = {
				BUNDLE_LOADER = "$(TEST_HOST)";
				FRAMEWORK_SEARCH_PATHS = (
					"$(SDKROOT)/Developer/Library/Frameworks",
					"$(inherited)",
				);
				INFOPLIST_FILE = SessionTrackerTests/Info.plist;
				LD_RUNPATH_SEARCH_PATHS = "$(inherited) @executable_path/Frameworks @loader_path/Frameworks";
				PRODUCT_NAME = "$(TARGET_NAME)";
				TEST_HOST = "$(BUILT_PRODUCTS_DIR)/SessionTracker.app/SessionTracker";
			};
			name = Release;
		};
/* End XCBuildConfiguration section */

/* Begin XCConfigurationList section */
		78BB28261A22E00C002D35CC /* Build configuration list for PBXProject "SessionTracker" */ = {
			isa = XCConfigurationList;
			buildConfigurations = (
				78BB28481A22E00D002D35CC /* Debug */,
				78BB28491A22E00D002D35CC /* Release */,
			);
			defaultConfigurationIsVisible = 0;
			defaultConfigurationName = Release;
		};
		78BB284A1A22E00D002D35CC /* Build configuration list for PBXNativeTarget "SessionTracker" */ = {
			isa = XCConfigurationList;
			buildConfigurations = (
				78BB284B1A22E00D002D35CC /* Debug */,
				78BB284C1A22E00D002D35CC /* Release */,
			);
			defaultConfigurationIsVisible = 0;
		};
		78BB284D1A22E00D002D35CC /* Build configuration list for PBXNativeTarget "SessionTrackerTests" */ = {
			isa = XCConfigurationList;
			buildConfigurations = (
				78BB284E1A22E00D002D35CC /* Debug */,
				78BB284F1A22E00D002D35CC /* Release */,
			);
			defaultConfigurationIsVisible = 0;
		};
/* End XCConfigurationList section */
	};
	rootObject = 78BB28231A22E00C002D35CC /* Project object */;
}
